
Microsoft Visual Studio Solution File, Format Version 12.00
# Visual Studio 14
VisualStudioVersion = 14.0.23107.0
MinimumVisualStudioVersion = 10.0.40219.1
Project("{FAE04EC0-301F-11D3-BF4B-00C04F79EFBC}") = "HapParserSample", "HapParserSample\HapParserSample.csproj", "{68017BDB-FA12-4FC3-95BD-62F8316985D7}"
EndProject
Project("{FAE04EC0-301F-11D3-BF4B-00C04F79EFBC}") = "HapParserSample.UnitTests", "HapParserSample.UnitTests\HapParserSample.UnitTests.csproj", "{BF6C67A5-8736-448D-81C0-05A310EB4212}"
EndProject
Global
	GlobalSection(SolutionConfigurationPlatforms) = preSolution
		Debug|Any CPU = Debug|Any CPU
		Release|Any CPU = Release|Any CPU
	EndGlobalSection
	GlobalSection(ProjectConfigurationPlatforms) = postSolution
		{68017BDB-FA12-4FC3-95BD-62F8316985D7}.Debug|Any CPU.ActiveCfg = Debug|Any CPU
		{68017BDB-FA12-4FC3-95BD-62F8316985D7}.Debug|Any CPU.Build.0 = Debug|Any CPU
		{68017BDB-FA12-4FC3-95BD-62F8316985D7}.Release|Any CPU.ActiveCfg = Release|Any CPU
		{68017BDB-FA12-4FC3-95BD-62F8316985D7}.Release|Any CPU.Build.0 = Release|Any CPU
		{BF6C67A5-8736-448D-81C0-05A310EB4212}.Debug|Any CPU.ActiveCfg = Debug|Any CPU
		{BF6C67A5-8736-448D-81C0-05A310EB4212}.Debug|Any CPU.Build.0 = Debug|Any CPU
		{BF6C67A5-8736-448D-81C0-05A310EB4212}.Release|Any CPU.ActiveCfg = Release|Any CPU
		{BF6C67A5-8736-448D-81C0-05A310EB4212}.Release|Any CPU.Build.0 = Release|Any CPU
	EndGlobalSection
	GlobalSection(SolutionProperties) = preSolution
		HideSolutionNode = FALSE
	EndGlobalSection
EndGlobal
